// !$*UTF8*$!
{
	archiveVersion = 1;
	classes = {
	};
	objectVersion = 50;
	objects = {

/* Begin PBXBuildFile section */
		75127AC9216F2E5700499B57 /* AppDelegate.swift in Sources */ = {isa = PBXBuildFile; fileRef = 75127AC8216F2E5700499B57 /* AppDelegate.swift */; };
		75127ACB216F2E5700499B57 /* ViewController.swift in Sources */ = {isa = PBXBuildFile; fileRef = 75127ACA216F2E5700499B57 /* ViewController.swift */; };
		75127ACE216F2E5700499B57 /* Main.storyboard in Resources */ = {isa = PBXBuildFile; fileRef = 75127ACC216F2E5700499B57 /* Main.storyboard */; };
		75127AD0216F2E5C00499B57 /* Assets.xcassets in Resources */ = {isa = PBXBuildFile; fileRef = 75127ACF216F2E5C00499B57 /* Assets.xcassets */; };
		75127AD3216F2E5C00499B57 /* LaunchScreen.storyboard in Resources */ = {isa = PBXBuildFile; fileRef = 75127AD1216F2E5C00499B57 /* LaunchScreen.storyboard */; };
		75127ADE216F2E5C00499B57 /* xkcdReaderTests.swift in Sources */ = {isa = PBXBuildFile; fileRef = 75127ADD216F2E5C00499B57 /* xkcdReaderTests.swift */; };
		75127AE9216F2E5C00499B57 /* xkcdReaderUITests.swift in Sources */ = {isa = PBXBuildFile; fileRef = 75127AE8216F2E5C00499B57 /* xkcdReaderUITests.swift */; };
/* End PBXBuildFile section */

/* Begin PBXContainerItemProxy section */
		75127ADA216F2E5C00499B57 /* PBXContainerItemProxy */ = {
			isa = PBXContainerItemProxy;
			containerPortal = 75127ABD216F2E5700499B57 /* Project object */;
			proxyType = 1;
			remoteGlobalIDString = 75127AC4216F2E5700499B57;
			remoteInfo = xkcdReader;
		};
		75127AE5216F2E5C00499B57 /* PBXContainerItemProxy */ = {
			isa = PBXContainerItemProxy;
			containerPortal = 75127ABD216F2E5700499B57 /* Project object */;
			proxyType = 1;
			remoteGlobalIDString = 75127AC4216F2E5700499B57;
			remoteInfo = xkcdReader;
		};
/* End PBXContainerItemProxy section */

/* Begin PBXFileReference section */
		75127AC5216F2E5700499B57 /* xkcdReader.app */ = {isa = PBXFileReference; explicitFileType = wrapper.application; includeInIndex = 0; path = xkcdReader.app; sourceTree = BUILT_PRODUCTS_DIR; };
		75127AC8216F2E5700499B57 /* AppDelegate.swift */ = {isa = PBXFileReference; lastKnownFileType = sourcecode.swift; path = AppDelegate.swift; sourceTree = "<group>"; };
		75127ACA216F2E5700499B57 /* ViewController.swift */ = {isa = PBXFileReference; lastKnownFileType = sourcecode.swift; path = ViewController.swift; sourceTree = "<group>"; };
		75127ACD216F2E5700499B57 /* Base */ = {isa = PBXFileReference; lastKnownFileType = file.storyboard; name = Base; path = Base.lproj/Main.storyboard; sourceTree = "<group>"; };
		75127ACF216F2E5C00499B57 /* Assets.xcassets */ = {isa = PBXFileReference; lastKnownFileType = folder.assetcatalog; path = Assets.xcassets; sourceTree = "<group>"; };
		75127AD2216F2E5C00499B57 /* Base */ = {isa = PBXFileReference; lastKnownFileType = file.storyboard; name = Base; path = Base.lproj/LaunchScreen.storyboard; sourceTree = "<group>"; };
		75127AD4216F2E5C00499B57 /* Info.plist */ = {isa = PBXFileReference; lastKnownFileType = text.plist.xml; path = Info.plist; sourceTree = "<group>"; };
		75127AD9216F2E5C00499B57 /* xkcdReaderTests.xctest */ = {isa = PBXFileReference; explicitFileType = wrapper.cfbundle; includeInIndex = 0; path = xkcdReaderTests.xctest; sourceTree = BUILT_PRODUCTS_DIR; };
		75127ADD216F2E5C00499B57 /* xkcdReaderTests.swift */ = {isa = PBXFileReference; lastKnownFileType = sourcecode.swift; path = xkcdReaderTests.swift; sourceTree = "<group>"; };
		75127ADF216F2E5C00499B57 /* Info.plist */ = {isa = PBXFileReference; lastKnownFileType = text.plist.xml; path = Info.plist; sourceTree = "<group>"; };
		75127AE4216F2E5C00499B57 /* xkcdReaderUITests.xctest */ = {isa = PBXFileReference; explicitFileType = wrapper.cfbundle; includeInIndex = 0; path = xkcdReaderUITests.xctest; sourceTree = BUILT_PRODUCTS_DIR; };
		75127AE8216F2E5C00499B57 /* xkcdReaderUITests.swift */ = {isa = PBXFileReference; lastKnownFileType = sourcecode.swift; path = xkcdReaderUITests.swift; sourceTree = "<group>"; };
		75127AEA216F2E5C00499B57 /* Info.plist */ = {isa = PBXFileReference; lastKnownFileType = text.plist.xml; path = Info.plist; sourceTree = "<group>"; };
/* End PBXFileReference section */

/* Begin PBXFrameworksBuildPhase section */
		75127AC2216F2E5700499B57 /* Frameworks */ = {
			isa = PBXFrameworksBuildPhase;
			buildActionMask = 2147483647;
			files = (
			);
			runOnlyForDeploymentPostprocessing = 0;
		};
		75127AD6216F2E5C00499B57 /* Frameworks */ = {
			isa = PBXFrameworksBuildPhase;
			buildActionMask = 2147483647;
			files = (
			);
			runOnlyForDeploymentPostprocessing = 0;
		};
		75127AE1216F2E5C00499B57 /* Frameworks */ = {
			isa = PBXFrameworksBuildPhase;
			buildActionMask = 2147483647;
			files = (
			);
			runOnlyForDeploymentPostprocessing = 0;
		};
/* End PBXFrameworksBuildPhase section */

/* Begin PBXGroup section */
		75127ABC216F2E5700499B57 = {
			isa = PBXGroup;
			children = (
				75127AC7216F2E5700499B57 /* xkcdReader */,
				75127ADC216F2E5C00499B57 /* xkcdReaderTests */,
				75127AE7216F2E5C00499B57 /* xkcdReaderUITests */,
				75127AC6216F2E5700499B57 /* Products */,
			);
			sourceTree = "<group>";
		};
		75127AC6216F2E5700499B57 /* Products */ = {
			isa = PBXGroup;
			children = (
				75127AC5216F2E5700499B57 /* xkcdReader.app */,
				75127AD9216F2E5C00499B57 /* xkcdReaderTests.xctest */,
				75127AE4216F2E5C00499B57 /* xkcdReaderUITests.xctest */,
			);
			name = Products;
			sourceTree = "<group>";
		};
		75127AC7216F2E5700499B57 /* xkcdReader */ = {
			isa = PBXGroup;
			children = (
				75127AC8216F2E5700499B57 /* AppDelegate.swift */,
				75127ACA216F2E5700499B57 /* ViewController.swift */,
				75127ACC216F2E5700499B57 /* Main.storyboard */,
				75127ACF216F2E5C00499B57 /* Assets.xcassets */,
				75127AD1216F2E5C00499B57 /* LaunchScreen.storyboard */,
				75127AD4216F2E5C00499B57 /* Info.plist */,
			);
			path = xkcdReader;
			sourceTree = "<group>";
		};
		75127ADC216F2E5C00499B57 /* xkcdReaderTests */ = {
			isa = PBXGroup;
			children = (
				75127ADD216F2E5C00499B57 /* xkcdReaderTests.swift */,
				75127ADF216F2E5C00499B57 /* Info.plist */,
			);
			path = xkcdReaderTests;
			sourceTree = "<group>";
		};
		75127AE7216F2E5C00499B57 /* xkcdReaderUITests */ = {
			isa = PBXGroup;
			children = (
				75127AE8216F2E5C00499B57 /* xkcdReaderUITests.swift */,
				75127AEA216F2E5C00499B57 /* Info.plist */,
			);
			path = xkcdReaderUITests;
			sourceTree = "<group>";
		};
/* End PBXGroup section */

/* Begin PBXNativeTarget section */
		75127AC4216F2E5700499B57 /* xkcdReader */ = {
			isa = PBXNativeTarget;
			buildConfigurationList = 75127AED216F2E5C00499B57 /* Build configuration list for PBXNativeTarget "xkcdReader" */;
			buildPhases = (
				75127AC1216F2E5700499B57 /* Sources */,
				75127AC2216F2E5700499B57 /* Frameworks */,
				75127AC3216F2E5700499B57 /* Resources */,
			);
			buildRules = (
			);
			dependencies = (
			);
			name = xkcdReader;
			productName = xkcdReader;
			productReference = 75127AC5216F2E5700499B57 /* xkcdReader.app */;
			productType = "com.apple.product-type.application";
		};
		75127AD8216F2E5C00499B57 /* xkcdReaderTests */ = {
			isa = PBXNativeTarget;
			buildConfigurationList = 75127AF0216F2E5C00499B57 /* Build configuration list for PBXNativeTarget "xkcdReaderTests" */;
			buildPhases = (
				75127AD5216F2E5C00499B57 /* Sources */,
				75127AD6216F2E5C00499B57 /* Frameworks */,
				75127AD7216F2E5C00499B57 /* Resources */,
			);
			buildRules = (
			);
			dependencies = (
				75127ADB216F2E5C00499B57 /* PBXTargetDependency */,
			);
			name = xkcdReaderTests;
			productName = xkcdReaderTests;
			productReference = 75127AD9216F2E5C00499B57 /* xkcdReaderTests.xctest */;
			productType = "com.apple.product-type.bundle.unit-test";
		};
		75127AE3216F2E5C00499B57 /* xkcdReaderUITests */ = {
			isa = PBXNativeTarget;
			buildConfigurationList = 75127AF3216F2E5C00499B57 /* Build configuration list for PBXNativeTarget "xkcdReaderUITests" */;
			buildPhases = (
				75127AE0216F2E5C00499B57 /* Sources */,
				75127AE1216F2E5C00499B57 /* Frameworks */,
				75127AE2216F2E5C00499B57 /* Resources */,
			);
			buildRules = (
			);
			dependencies = (
				75127AE6216F2E5C00499B57 /* PBXTargetDependency */,
			);
			name = xkcdReaderUITests;
			productName = xkcdReaderUITests;
			productReference = 75127AE4216F2E5C00499B57 /* xkcdReaderUITests.xctest */;
			productType = "com.apple.product-type.bundle.ui-testing";
		};
/* End PBXNativeTarget section */

/* Begin PBXProject section */
		75127ABD216F2E5700499B57 /* Project object */ = {
			isa = PBXProject;
			attributes = {
				LastSwiftUpdateCheck = 1000;
				LastUpgradeCheck = 1000;
				ORGANIZATIONNAME = "Anurag Shubham";
				TargetAttributes = {
					75127AC4216F2E5700499B57 = {
						CreatedOnToolsVersion = 10.0;
					};
					75127AD8216F2E5C00499B57 = {
						CreatedOnToolsVersion = 10.0;
						TestTargetID = 75127AC4216F2E5700499B57;
					};
					75127AE3216F2E5C00499B57 = {
						CreatedOnToolsVersion = 10.0;
						TestTargetID = 75127AC4216F2E5700499B57;
					};
				};
			};
			buildConfigurationList = 75127AC0216F2E5700499B57 /* Build configuration list for PBXProject "xkcdReader" */;
			compatibilityVersion = "Xcode 9.3";
			developmentRegion = en;
			hasScannedForEncodings = 0;
			knownRegions = (
				en,
				Base,
			);
			mainGroup = 75127ABC216F2E5700499B57;
			productRefGroup = 75127AC6216F2E5700499B57 /* Products */;
			projectDirPath = "";
			projectRoot = "";
			targets = (
				75127AC4216F2E5700499B57 /* xkcdReader */,
				75127AD8216F2E5C00499B57 /* xkcdReaderTests */,
				75127AE3216F2E5C00499B57 /* xkcdReaderUITests */,
			);
		};
/* End PBXProject section */

/* Begin PBXResourcesBuildPhase section */
		75127AC3216F2E5700499B57 /* Resources */ = {
			isa = PBXResourcesBuildPhase;
			buildActionMask = 2147483647;
			files = (
				75127AD3216F2E5C00499B57 /* LaunchScreen.storyboard in Resources */,
				75127AD0216F2E5C00499B57 /* Assets.xcassets in Resources */,
				75127ACE216F2E5700499B57 /* Main.storyboard in Resources */,
			);
			runOnlyForDeploymentPostprocessing = 0;
		};
		75127AD7216F2E5C00499B57 /* Resources */ = {
			isa = PBXResourcesBuildPhase;
			buildActionMask = 2147483647;
			files = (
			);
			runOnlyForDeploymentPostprocessing = 0;
		};
		75127AE2216F2E5C00499B57 /* Resources */ = {
			isa = PBXResourcesBuildPhase;
			buildActionMask = 2147483647;
			files = (
			);
			runOnlyForDeploymentPostprocessing = 0;
		};
/* End PBXResourcesBuildPhase section */

/* Begin PBXSourcesBuildPhase section */
		75127AC1216F2E5700499B57 /* Sources */ = {
			isa = PBXSourcesBuildPhase;
			buildActionMask = 2147483647;
			files = (
				75127ACB216F2E5700499B57 /* ViewController.swift in Sources */,
				75127AC9216F2E5700499B57 /* AppDelegate.swift in Sources */,
			);
			runOnlyForDeploymentPostprocessing = 0;
		};
		75127AD5216F2E5C00499B57 /* Sources */ = {
			isa = PBXSourcesBuildPhase;
			buildActionMask = 2147483647;
			files = (
				75127ADE216F2E5C00499B57 /* xkcdReaderTests.swift in Sources */,
			);
			runOnlyForDeploymentPostprocessing = 0;
		};
		75127AE0216F2E5C00499B57 /* Sources */ = {
			isa = PBXSourcesBuildPhase;
			buildActionMask = 2147483647;
			files = (
				75127AE9216F2E5C00499B57 /* xkcdReaderUITests.swift in Sources */,
			);
			runOnlyForDeploymentPostprocessing = 0;
		};
/* End PBXSourcesBuildPhase section */

/* Begin PBXTargetDependency section */
		75127ADB216F2E5C00499B57 /* PBXTargetDependency */ = {
			isa = PBXTargetDependency;
			target = 75127AC4216F2E5700499B57 /* xkcdReader */;
			targetProxy = 75127ADA216F2E5C00499B57 /* PBXContainerItemProxy */;
		};
		75127AE6216F2E5C00499B57 /* PBXTargetDependency */ = {
			isa = PBXTargetDependency;
			target = 75127AC4216F2E5700499B57 /* xkcdReader */;
			targetProxy = 75127AE5216F2E5C00499B57 /* PBXContainerItemProxy */;
		};
/* End PBXTargetDependency section */

/* Begin PBXVariantGroup section */
		75127ACC216F2E5700499B57 /* Main.storyboard */ = {
			isa = PBXVariantGroup;
			children = (
				75127ACD216F2E5700499B57 /* Base */,
			);
			name = Main.storyboard;
			sourceTree = "<group>";
		};
		75127AD1216F2E5C00499B57 /* LaunchScreen.storyboard */ = {
			isa = PBXVariantGroup;
			children = (
				75127AD2216F2E5C00499B57 /* Base */,
			);
			name = LaunchScreen.storyboard;
			sourceTree = "<group>";
		};
/* End PBXVariantGroup section */

/* Begin XCBuildConfiguration section */
		75127AEB216F2E5C00499B57 /* Debug */ = {
			isa = XCBuildConfiguration;
			buildSettings = {
				ALWAYS_SEARCH_USER_PATHS = NO;
				CLANG_ANALYZER_NONNULL = YES;
				CLANG_ANALYZER_NUMBER_OBJECT_CONVERSION = YES_AGGRESSIVE;
				CLANG_CXX_LANGUAGE_STANDARD = "gnu++14";
				CLANG_CXX_LIBRARY = "libc++";
				CLANG_ENABLE_MODULES = YES;
				CLANG_ENABLE_OBJC_ARC = YES;
				CLANG_ENABLE_OBJC_WEAK = YES;
				CLANG_WARN_BLOCK_CAPTURE_AUTORELEASING = YES;
				CLANG_WARN_BOOL_CONVERSION = YES;
				CLANG_WARN_COMMA = YES;
				CLANG_WARN_CONSTANT_CONVERSION = YES;
				CLANG_WARN_DEPRECATED_OBJC_IMPLEMENTATIONS = YES;
				CLANG_WARN_DIRECT_OBJC_ISA_USAGE = YES_ERROR;
				CLANG_WARN_DOCUMENTATION_COMMENTS = YES;
				CLANG_WARN_EMPTY_BODY = YES;
				CLANG_WARN_ENUM_CONVERSION = YES;
				CLANG_WARN_INFINITE_RECURSION = YES;
				CLANG_WARN_INT_CONVERSION = YES;
				CLANG_WARN_NON_LITERAL_NULL_CONVERSION = YES;
				CLANG_WARN_OBJC_IMPLICIT_RETAIN_SELF = YES;
				CLANG_WARN_OBJC_LITERAL_CONVERSION = YES;
				CLANG_WARN_OBJC_ROOT_CLASS = YES_ERROR;
				CLANG_WARN_RANGE_LOOP_ANALYSIS = YES;
				CLANG_WARN_STRICT_PROTOTYPES = YES;
				CLANG_WARN_SUSPICIOUS_MOVE = YES;
				CLANG_WARN_UNGUARDED_AVAILABILITY = YES_AGGRESSIVE;
				CLANG_WARN_UNREACHABLE_CODE = YES;
				CLANG_WARN__DUPLICATE_METHOD_MATCH = YES;
				CODE_SIGN_IDENTITY = "iPhone Developer";
				COPY_PHASE_STRIP = NO;
				DEBUG_INFORMATION_FORMAT = dwarf;
				ENABLE_STRICT_OBJC_MSGSEND = YES;
				ENABLE_TESTABILITY = YES;
				GCC_C_LANGUAGE_STANDARD = gnu11;
				GCC_DYNAMIC_NO_PIC = NO;
				GCC_NO_COMMON_BLOCKS = YES;
				GCC_OPTIMIZATION_LEVEL = 0;
				GCC_PREPROCESSOR_DEFINITIONS = (
					"DEBUG=1",
					"$(inherited)",
				);
				GCC_WARN_64_TO_32_BIT_CONVERSION = YES;
				GCC_WARN_ABOUT_RETURN_TYPE = YES_ERROR;
				GCC_WARN_UNDECLARED_SELECTOR = YES;
				GCC_WARN_UNINITIALIZED_AUTOS = YES_AGGRESSIVE;
				GCC_WARN_UNUSED_FUNCTION = YES;
				GCC_WARN_UNUSED_VARIABLE = YES;
				IPHONEOS_DEPLOYMENT_TARGET = 12.0;
				MTL_ENABLE_DEBUG_INFO = INCLUDE_SOURCE;
				MTL_FAST_MATH = YES;
				ONLY_ACTIVE_ARCH = YES;
				SDKROOT = iphoneos;
				SWIFT_ACTIVE_COMPILATION_CONDITIONS = DEBUG;
				SWIFT_OPTIMIZATION_LEVEL = "-Onone";
			};
			name = Debug;
		};
		75127AEC216F2E5C00499B57 /* Release */ = {
			isa = XCBuildConfiguration;
			buildSettings = {
				ALWAYS_SEARCH_USER_PATHS = NO;
				CLANG_ANALYZER_NONNULL = YES;
				CLANG_ANALYZER_NUMBER_OBJECT_CONVERSION = YES_AGGRESSIVE;
				CLANG_CXX_LANGUAGE_STANDARD = "gnu++14";
				CLANG_CXX_LIBRARY = "libc++";
				CLANG_ENABLE_MODULES = YES;
				CLANG_ENABLE_OBJC_ARC = YES;
				CLANG_ENABLE_OBJC_WEAK = YES;
				CLANG_WARN_BLOCK_CAPTURE_AUTORELEASING = YES;
				CLANG_WARN_BOOL_CONVERSION = YES;
				CLANG_WARN_COMMA = YES;
				CLANG_WARN_CONSTANT_CONVERSION = YES;
				CLANG_WARN_DEPRECATED_OBJC_IMPLEMENTATIONS = YES;
				CLANG_WARN_DIRECT_OBJC_ISA_USAGE = YES_ERROR;
				CLANG_WARN_DOCUMENTATION_COMMENTS = YES;
				CLANG_WARN_EMPTY_BODY = YES;
				CLANG_WARN_ENUM_CONVERSION = YES;
				CLANG_WARN_INFINITE_RECURSION = YES;
				CLANG_WARN_INT_CONVERSION = YES;
				CLANG_WARN_NON_LITERAL_NULL_CONVERSION = YES;
				CLANG_WARN_OBJC_IMPLICIT_RETAIN_SELF = YES;
				CLANG_WARN_OBJC_LITERAL_CONVERSION = YES;
				CLANG_WARN_OBJC_ROOT_CLASS = YES_ERROR;
				CLANG_WARN_RANGE_LOOP_ANALYSIS = YES;
				CLANG_WARN_STRICT_PROTOTYPES = YES;
				CLANG_WARN_SUSPICIOUS_MOVE = YES;
				CLANG_WARN_UNGUARDED_AVAILABILITY = YES_AGGRESSIVE;
				CLANG_WARN_UNREACHABLE_CODE = YES;
				CLANG_WARN__DUPLICATE_METHOD_MATCH = YES;
				CODE_SIGN_IDENTITY = "iPhone Developer";
				COPY_PHASE_STRIP = NO;
				DEBUG_INFORMATION_FORMAT = "dwarf-with-dsym";
				ENABLE_NS_ASSERTIONS = NO;
				ENABLE_STRICT_OBJC_MSGSEND = YES;
				GCC_C_LANGUAGE_STANDARD = gnu11;
				GCC_NO_COMMON_BLOCKS = YES;
				GCC_WARN_64_TO_32_BIT_CONVERSION = YES;
				GCC_WARN_ABOUT_RETURN_TYPE = YES_ERROR;
				GCC_WARN_UNDECLARED_SELECTOR = YES;
				GCC_WARN_UNINITIALIZED_AUTOS = YES_AGGRESSIVE;
				GCC_WARN_UNUSED_FUNCTION = YES;
				GCC_WARN_UNUSED_VARIABLE = YES;
				IPHONEOS_DEPLOYMENT_TARGET = 12.0;
				MTL_ENABLE_DEBUG_INFO = NO;
				MTL_FAST_MATH = YES;
				SDKROOT = iphoneos;
				SWIFT_COMPILATION_MODE = wholemodule;
				SWIFT_OPTIMIZATION_LEVEL = "-O";
				VALIDATE_PRODUCT = YES;
			};
			name = Release;
		};
		75127AEE216F2E5C00499B57 /* Debug */ = {
			isa = XCBuildConfiguration;
			buildSettings = {
				ASSETCATALOG_COMPILER_APPICON_NAME = AppIcon;
				CODE_SIGN_STYLE = Automatic;
				DEVELOPMENT_TEAM = P326DL8696;
				INFOPLIST_FILE = xkcdReader/Info.plist;
				LD_RUNPATH_SEARCH_PATHS = (
					"$(inherited)",
					"@executable_path/Frameworks",
				);
				PRODUCT_BUNDLE_IDENTIFIER = "Creo-IT-Pvt.-Ltd..xkcdReader";
				PRODUCT_NAME = "$(TARGET_NAME)";
				SWIFT_VERSION = 4.2;
				TARGETED_DEVICE_FAMILY = "1,2";
			};
			name = Debug;
		};
		75127AEF216F2E5C00499B57 /* Release */ = {
			isa = XCBuildConfiguration;
			buildSettings = {
				ASSETCATALOG_COMPILER_APPICON_NAME = AppIcon;
				CODE_SIGN_STYLE = Automatic;
				DEVELOPMENT_TEAM = P326DL8696;
				INFOPLIST_FILE = xkcdReader/Info.plist;
				LD_RUNPATH_SEARCH_PATHS = (
					"$(inherited)",
					"@executable_path/Frameworks",
				);
				PRODUCT_BUNDLE_IDENTIFIER = "Creo-IT-Pvt.-Ltd..xkcdReader";
				PRODUCT_NAME = "$(TARGET_NAME)";
				SWIFT_VERSION = 4.2;
				TARGETED_DEVICE_FAMILY = "1,2";
			};
			name = Release;
		};
		75127AF1216F2E5C00499B57 /* Debug */ = {
			isa = XCBuildConfiguration;
			buildSettings = {
				ALWAYS_EMBED_SWIFT_STANDARD_LIBRARIES = YES;
				BUNDLE_LOADER = "$(TEST_HOST)";
				CODE_SIGN_STYLE = Automatic;
				DEVELOPMENT_TEAM = P326DL8696;
				INFOPLIST_FILE = xkcdReaderTests/Info.plist;
				LD_RUNPATH_SEARCH_PATHS = (
					"$(inherited)",
					"@executable_path/Frameworks",
					"@loader_path/Frameworks",
				);
				PRODUCT_BUNDLE_IDENTIFIER = "Creo-IT-Pvt.-Ltd..xkcdReaderTests";
				PRODUCT_NAME = "$(TARGET_NAME)";
				SWIFT_VERSION = 4.2;
				TARGETED_DEVICE_FAMILY = "1,2";
				TEST_HOST = "$(BUILT_PRODUCTS_DIR)/xkcdReader.app/xkcdReader";
			};
			name = Debug;
		};
		75127AF2216F2E5C00499B57 /* Release */ = {
			isa = XCBuildConfiguration;
			buildSettings = {
				ALWAYS_EMBED_SWIFT_STANDARD_LIBRARIES = YES;
				BUNDLE_LOADER = "$(TEST_HOST)";
				CODE_SIGN_STYLE = Automatic;
				DEVELOPMENT_TEAM = P326DL8696;
				INFOPLIST_FILE = xkcdReaderTests/Info.plist;
				LD_RUNPATH_SEARCH_PATHS = (
					"$(inherited)",
					"@executable_path/Frameworks",
					"@loader_path/Frameworks",
				);
				PRODUCT_BUNDLE_IDENTIFIER = "Creo-IT-Pvt.-Ltd..xkcdReaderTests";
				PRODUCT_NAME = "$(TARGET_NAME)";
				SWIFT_VERSION = 4.2;
				TARGETED_DEVICE_FAMILY = "1,2";
				TEST_HOST = "$(BUILT_PRODUCTS_DIR)/xkcdReader.app/xkcdReader";
			};
			name = Release;
		};
		75127AF4216F2E5C00499B57 /* Debug */ = {
			isa = XCBuildConfiguration;
			buildSettings = {
				ALWAYS_EMBED_SWIFT_STANDARD_LIBRARIES = YES;
				CODE_SIGN_STYLE = Automatic;
				DEVELOPMENT_TEAM = P326DL8696;
				INFOPLIST_FILE = xkcdReaderUITests/Info.plist;
				LD_RUNPATH_SEARCH_PATHS = (
					"$(inherited)",
					"@executable_path/Frameworks",
					"@loader_path/Frameworks",
				);
				PRODUCT_BUNDLE_IDENTIFIER = "Creo-IT-Pvt.-Ltd..xkcdReaderUITests";
				PRODUCT_NAME = "$(TARGET_NAME)";
				SWIFT_VERSION = 4.2;
				TARGETED_DEVICE_FAMILY = "1,2";
				TEST_TARGET_NAME = xkcdReader;
			};
			name = Debug;
		};
		75127AF5216F2E5C00499B57 /* Release */ = {
			isa = XCBuildConfiguration;
			buildSettings = {
				ALWAYS_EMBED_SWIFT_STANDARD_LIBRARIES = YES;
				CODE_SIGN_STYLE = Automatic;
				DEVELOPMENT_TEAM = P326DL8696;
				INFOPLIST_FILE = xkcdReaderUITests/Info.plist;
				LD_RUNPATH_SEARCH_PATHS = (
					"$(inherited)",
					"@executable_path/Frameworks",
					"@loader_path/Frameworks",
				);
				PRODUCT_BUNDLE_IDENTIFIER = "Creo-IT-Pvt.-Ltd..xkcdReaderUITests";
				PRODUCT_NAME = "$(TARGET_NAME)";
				SWIFT_VERSION = 4.2;
				TARGETED_DEVICE_FAMILY = "1,2";
				TEST_TARGET_NAME = xkcdReader;
			};
			name = Release;
		};
/* End XCBuildConfiguration section */

/* Begin XCConfigurationList section */
		75127AC0216F2E5700499B57 /* Build configuration list for PBXProject "xkcdReader" */ = {
			isa = XCConfigurationList;
			buildConfigurations = (
				75127AEB216F2E5C00499B57 /* Debug */,
				75127AEC216F2E5C00499B57 /* Release */,
			);
			defaultConfigurationIsVisible = 0;
			defaultConfigurationName = Release;
		};
		75127AED216F2E5C00499B57 /* Build configuration list for PBXNativeTarget "xkcdReader" */ = {
			isa = XCConfigurationList;
			buildConfigurations = (
				75127AEE216F2E5C00499B57 /* Debug */,
				75127AEF216F2E5C00499B57 /* Release */,
			);
			defaultConfigurationIsVisible = 0;
			defaultConfigurationName = Release;
		};
		75127AF0216F2E5C00499B57 /* Build configuration list for PBXNativeTarget "xkcdReaderTests" */ = {
			isa = XCConfigurationList;
			buildConfigurations = (
				75127AF1216F2E5C00499B57 /* Debug */,
				75127AF2216F2E5C00499B57 /* Release */,
			);
			defaultConfigurationIsVisible = 0;
			defaultConfigurationName = Release;
		};
		75127AF3216F2E5C00499B57 /* Build configuration list for PBXNativeTarget "xkcdReaderUITests" */ = {
			isa = XCConfigurationList;
			buildConfigurations = (
				75127AF4216F2E5C00499B57 /* Debug */,
				75127AF5216F2E5C00499B57 /* Release */,
			);
			defaultConfigurationIsVisible = 0;
			defaultConfigurationName = Release;
		};
/* End XCConfigurationList section */
	};
	rootObject = 75127ABD216F2E5700499B57 /* Project object */;
}
